
Microsoft Visual Studio Solution File, Format Version 12.00
# Visual Studio 15
VisualStudioVersion = 15.0.27130.2036
MinimumVisualStudioVersion = 10.0.40219.1
Project("{FAE04EC0-301F-11D3-BF4B-00C04F79EFBC}") = "Minecraft_updater", "Minecraft_updater\Minecraft_updater.csproj", "{BDCF29E0-0D59-4219-97B8-ED50B1E74346}"
EndProject
Project("{FAE04EC0-301F-11D3-BF4B-00C04F79EFBC}") = "Minecraft_updater.Tests", "Minecraft_updater.Tests\Minecraft_updater.Tests.csproj", "{FACEC53B-4412-407A-8B23-4D905E542D65}"
EndProject
Global
	GlobalSection(SolutionConfigurationPlatforms) = preSolution
		Debug|Any CPU = Debug|Any CPU
		Debug|x64 = Debug|x64
		Debug|x86 = Debug|x86
		Release|Any CPU = Release|Any CPU
		Release|x64 = Release|x64
		Release|x86 = Release|x86
	EndGlobalSection
	GlobalSection(ProjectConfigurationPlatforms) = postSolution
		{BDCF29E0-0D59-4219-97B8-ED50B1E74346}.Debug|Any CPU.ActiveCfg = Debug|Any CPU
		{BDCF29E0-0D59-4219-97B8-ED50B1E74346}.Debug|Any CPU.Build.0 = Debug|Any CPU
		{BDCF29E0-0D59-4219-97B8-ED50B1E74346}.Debug|x64.ActiveCfg = Debug|Any CPU
		{BDCF29E0-0D59-4219-97B8-ED50B1E74346}.Debug|x64.Build.0 = Debug|Any CPU
		{BDCF29E0-0D59-4219-97B8-ED50B1E74346}.Debug|x86.ActiveCfg = Debug|Any CPU
		{BDCF29E0-0D59-4219-97B8-ED50B1E74346}.Debug|x86.Build.0 = Debug|Any CPU
		{BDCF29E0-0D59-4219-97B8-ED50B1E74346}.Release|Any CPU.ActiveCfg = Release|Any CPU
		{BDCF29E0-0D59-4219-97B8-ED50B1E74346}.Release|Any CPU.Build.0 = Release|Any CPU
		{BDCF29E0-0D59-4219-97B8-ED50B1E74346}.Release|x64.ActiveCfg = Release|Any CPU
		{BDCF29E0-0D59-4219-97B8-ED50B1E74346}.Release|x64.Build.0 = Release|Any CPU
		{BDCF29E0-0D59-4219-97B8-ED50B1E74346}.Release|x86.ActiveCfg = Release|Any CPU
		{BDCF29E0-0D59-4219-97B8-ED50B1E74346}.Release|x86.Build.0 = Release|Any CPU
		{FACEC53B-4412-407A-8B23-4D905E542D65}.Debug|Any CPU.ActiveCfg = Debug|Any CPU
		{FACEC53B-4412-407A-8B23-4D905E542D65}.Debug|Any CPU.Build.0 = Debug|Any CPU
		{FACEC53B-4412-407A-8B23-4D905E542D65}.Debug|x64.ActiveCfg = Debug|Any CPU
		{FACEC53B-4412-407A-8B23-4D905E542D65}.Debug|x64.Build.0 = Debug|Any CPU
		{FACEC53B-4412-407A-8B23-4D905E542D65}.Debug|x86.ActiveCfg = Debug|Any CPU
		{FACEC53B-4412-407A-8B23-4D905E542D65}.Debug|x86.Build.0 = Debug|Any CPU
		{FACEC53B-4412-407A-8B23-4D905E542D65}.Release|Any CPU.ActiveCfg = Release|Any CPU
		{FACEC53B-4412-407A-8B23-4D905E542D65}.Release|Any CPU.Build.0 = Release|Any CPU
		{FACEC53B-4412-407A-8B23-4D905E542D65}.Release|x64.ActiveCfg = Release|Any CPU
		{FACEC53B-4412-407A-8B23-4D905E542D65}.Release|x64.Build.0 = Release|Any CPU
		{FACEC53B-4412-407A-8B23-4D905E542D65}.Release|x86.ActiveCfg = Release|Any CPU
		{FACEC53B-4412-407A-8B23-4D905E542D65}.Release|x86.Build.0 = Release|Any CPU
	EndGlobalSection
	GlobalSection(SolutionProperties) = preSolution
		HideSolutionNode = FALSE
	EndGlobalSection
	GlobalSection(ExtensibilityGlobals) = postSolution
		SolutionGuid = {AED606AB-D8FB-4914-B647-91C1CB11699B}
	EndGlobalSection
EndGlobal
